
Microsoft Visual Studio Solution File, Format Version 12.00
# Visual Studio Version 17
VisualStudioVersion = 17.0.31903.59
MinimumVisualStudioVersion = 10.0.40219.1
Project("{2150E333-8FDC-42A3-9474-1A3956D46DE8}") = "src", "src", "{827E0CD3-B72D-47B6-A68D-7590B98EB39B}"
EndProject
Project("{FAE04EC0-301F-11D3-BF4B-00C04F79EFBC}") = "CopilotStudioAgent.Mcp.Server", "src\CopilotStudioAgent.Mcp.Server\CopilotStudioAgent.Mcp.Server.csproj", "{77149F93-93C0-432E-B5EB-6C557614C648}"
EndProject
Project("{2150E333-8FDC-42A3-9474-1A3956D46DE8}") = "tests", "tests", "{0AB3BF05-4346-4AA6-1389-037BE0695223}"
EndProject
Project("{FAE04EC0-301F-11D3-BF4B-00C04F79EFBC}") = "CopilotStudioAgent.Mcp.Server.Tests", "tests\CopilotStudioAgent.Mcp.Server.Tests\CopilotStudioAgent.Mcp.Server.Tests.csproj", "{A5E2AD5D-5403-480D-A0CE-1F322DAF59ED}"
EndProject
Global
	GlobalSection(SolutionConfigurationPlatforms) = preSolution
		Debug|Any CPU = Debug|Any CPU
		Debug|x64 = Debug|x64
		Debug|x86 = Debug|x86
		Release|Any CPU = Release|Any CPU
		Release|x64 = Release|x64
		Release|x86 = Release|x86
	EndGlobalSection
	GlobalSection(ProjectConfigurationPlatforms) = postSolution
		{77149F93-93C0-432E-B5EB-6C557614C648}.Debug|Any CPU.ActiveCfg = Debug|Any CPU
		{77149F93-93C0-432E-B5EB-6C557614C648}.Debug|Any CPU.Build.0 = Debug|Any CPU
		{77149F93-93C0-432E-B5EB-6C557614C648}.Debug|x64.ActiveCfg = Debug|Any CPU
		{77149F93-93C0-432E-B5EB-6C557614C648}.Debug|x64.Build.0 = Debug|Any CPU
		{77149F93-93C0-432E-B5EB-6C557614C648}.Debug|x86.ActiveCfg = Debug|Any CPU
		{77149F93-93C0-432E-B5EB-6C557614C648}.Debug|x86.Build.0 = Debug|Any CPU
		{77149F93-93C0-432E-B5EB-6C557614C648}.Release|Any CPU.ActiveCfg = Release|Any CPU
		{77149F93-93C0-432E-B5EB-6C557614C648}.Release|Any CPU.Build.0 = Release|Any CPU
		{77149F93-93C0-432E-B5EB-6C557614C648}.Release|x64.ActiveCfg = Release|Any CPU
		{77149F93-93C0-432E-B5EB-6C557614C648}.Release|x64.Build.0 = Release|Any CPU
		{77149F93-93C0-432E-B5EB-6C557614C648}.Release|x86.ActiveCfg = Release|Any CPU
		{77149F93-93C0-432E-B5EB-6C557614C648}.Release|x86.Build.0 = Release|Any CPU
		{BF3ED082-1E47-40AD-96D4-BA00A1646EDF}.Debug|Any CPU.ActiveCfg = Debug|Any CPU
		{BF3ED082-1E47-40AD-96D4-BA00A1646EDF}.Debug|Any CPU.Build.0 = Debug|Any CPU
		{BF3ED082-1E47-40AD-96D4-BA00A1646EDF}.Debug|x64.ActiveCfg = Debug|Any CPU
		{BF3ED082-1E47-40AD-96D4-BA00A1646EDF}.Debug|x64.Build.0 = Debug|Any CPU
		{BF3ED082-1E47-40AD-96D4-BA00A1646EDF}.Debug|x86.ActiveCfg = Debug|Any CPU
		{BF3ED082-1E47-40AD-96D4-BA00A1646EDF}.Debug|x86.Build.0 = Debug|Any CPU
		{BF3ED082-1E47-40AD-96D4-BA00A1646EDF}.Release|Any CPU.ActiveCfg = Release|Any CPU
		{BF3ED082-1E47-40AD-96D4-BA00A1646EDF}.Release|Any CPU.Build.0 = Release|Any CPU
		{BF3ED082-1E47-40AD-96D4-BA00A1646EDF}.Release|x64.ActiveCfg = Release|Any CPU
		{BF3ED082-1E47-40AD-96D4-BA00A1646EDF}.Release|x64.Build.0 = Release|Any CPU
		{BF3ED082-1E47-40AD-96D4-BA00A1646EDF}.Release|x86.ActiveCfg = Release|Any CPU
		{BF3ED082-1E47-40AD-96D4-BA00A1646EDF}.Release|x86.Build.0 = Release|Any CPU
		{A5E2AD5D-5403-480D-A0CE-1F322DAF59ED}.Debug|Any CPU.ActiveCfg = Debug|Any CPU
		{A5E2AD5D-5403-480D-A0CE-1F322DAF59ED}.Debug|Any CPU.Build.0 = Debug|Any CPU
		{A5E2AD5D-5403-480D-A0CE-1F322DAF59ED}.Debug|x64.ActiveCfg = Debug|Any CPU
		{A5E2AD5D-5403-480D-A0CE-1F322DAF59ED}.Debug|x64.Build.0 = Debug|Any CPU
		{A5E2AD5D-5403-480D-A0CE-1F322DAF59ED}.Debug|x86.ActiveCfg = Debug|Any CPU
		{A5E2AD5D-5403-480D-A0CE-1F322DAF59ED}.Debug|x86.Build.0 = Debug|Any CPU
		{A5E2AD5D-5403-480D-A0CE-1F322DAF59ED}.Release|Any CPU.ActiveCfg = Release|Any CPU
		{A5E2AD5D-5403-480D-A0CE-1F322DAF59ED}.Release|Any CPU.Build.0 = Release|Any CPU
		{A5E2AD5D-5403-480D-A0CE-1F322DAF59ED}.Release|x64.ActiveCfg = Release|Any CPU
		{A5E2AD5D-5403-480D-A0CE-1F322DAF59ED}.Release|x64.Build.0 = Release|Any CPU
		{A5E2AD5D-5403-480D-A0CE-1F322DAF59ED}.Release|x86.ActiveCfg = Release|Any CPU
		{A5E2AD5D-5403-480D-A0CE-1F322DAF59ED}.Release|x86.Build.0 = Release|Any CPU
	EndGlobalSection
	GlobalSection(SolutionProperties) = preSolution
		HideSolutionNode = FALSE
	EndGlobalSection
	GlobalSection(NestedProjects) = preSolution
		{77149F93-93C0-432E-B5EB-6C557614C648} = {827E0CD3-B72D-47B6-A68D-7590B98EB39B}
		{A5E2AD5D-5403-480D-A0CE-1F322DAF59ED} = {0AB3BF05-4346-4AA6-1389-037BE0695223}
	EndGlobalSection
EndGlobal
